
Microsoft Visual Studio Solution File, Format Version 11.00
# Visual Studio 2010
Project("{2150E333-8FDC-42A3-9474-1A3956D46DE8}") = "Samples", "Samples", "{BC0432F0-8335-4A13-B029-0FA8DC989DDC}"
	ProjectSection(SolutionItems) = preProject
		Samples\guild.xml = Samples\guild.xml
		Samples\Log.txt = Samples\Log.txt
		Samples\raid.xml = Samples\raid.xml
	EndProjectSection
EndProject
Project("{FAE04EC0-301F-11D3-BF4B-00C04F79EFBC}") = "RiftLogParser", "src\RiftLogParser.csproj", "{8E9D570E-B8C3-4733-8F11-1649F4E2A72A}"
EndProject
Global
	GlobalSection(SolutionConfigurationPlatforms) = preSolution
		Debug|Mixed Platforms = Debug|Mixed Platforms
		Debug|PHP 5.2 = Debug|PHP 5.2
		Debug|PHP 5.3 = Debug|PHP 5.3
		Debug|x86 = Debug|x86
		Local|Mixed Platforms = Local|Mixed Platforms
		Local|PHP 5.2 = Local|PHP 5.2
		Local|PHP 5.3 = Local|PHP 5.3
		Local|x86 = Local|x86
		Production|Mixed Platforms = Production|Mixed Platforms
		Production|PHP 5.2 = Production|PHP 5.2
		Production|PHP 5.3 = Production|PHP 5.3
		Production|x86 = Production|x86
		Release|Mixed Platforms = Release|Mixed Platforms
		Release|PHP 5.2 = Release|PHP 5.2
		Release|PHP 5.3 = Release|PHP 5.3
		Release|x86 = Release|x86
		Staging|Mixed Platforms = Staging|Mixed Platforms
		Staging|PHP 5.2 = Staging|PHP 5.2
		Staging|PHP 5.3 = Staging|PHP 5.3
		Staging|x86 = Staging|x86
	EndGlobalSection
	GlobalSection(ProjectConfigurationPlatforms) = postSolution
		{8E9D570E-B8C3-4733-8F11-1649F4E2A72A}.Debug|Mixed Platforms.ActiveCfg = Debug|x86
		{8E9D570E-B8C3-4733-8F11-1649F4E2A72A}.Debug|Mixed Platforms.Build.0 = Debug|x86
		{8E9D570E-B8C3-4733-8F11-1649F4E2A72A}.Debug|PHP 5.2.ActiveCfg = Debug|x86
		{8E9D570E-B8C3-4733-8F11-1649F4E2A72A}.Debug|PHP 5.3.ActiveCfg = Debug|x86
		{8E9D570E-B8C3-4733-8F11-1649F4E2A72A}.Debug|x86.ActiveCfg = Debug|x86
		{8E9D570E-B8C3-4733-8F11-1649F4E2A72A}.Debug|x86.Build.0 = Debug|x86
		{8E9D570E-B8C3-4733-8F11-1649F4E2A72A}.Local|Mixed Platforms.ActiveCfg = Release|x86
		{8E9D570E-B8C3-4733-8F11-1649F4E2A72A}.Local|Mixed Platforms.Build.0 = Release|x86
		{8E9D570E-B8C3-4733-8F11-1649F4E2A72A}.Local|PHP 5.2.ActiveCfg = Release|x86
		{8E9D570E-B8C3-4733-8F11-1649F4E2A72A}.Local|PHP 5.3.ActiveCfg = Release|x86
		{8E9D570E-B8C3-4733-8F11-1649F4E2A72A}.Local|x86.ActiveCfg = Release|x86
		{8E9D570E-B8C3-4733-8F11-1649F4E2A72A}.Local|x86.Build.0 = Release|x86
		{8E9D570E-B8C3-4733-8F11-1649F4E2A72A}.Production|Mixed Platforms.ActiveCfg = Release|x86
		{8E9D570E-B8C3-4733-8F11-1649F4E2A72A}.Production|Mixed Platforms.Build.0 = Release|x86
		{8E9D570E-B8C3-4733-8F11-1649F4E2A72A}.Production|PHP 5.2.ActiveCfg = Release|x86
		{8E9D570E-B8C3-4733-8F11-1649F4E2A72A}.Production|PHP 5.3.ActiveCfg = Release|x86
		{8E9D570E-B8C3-4733-8F11-1649F4E2A72A}.Production|x86.ActiveCfg = Release|x86
		{8E9D570E-B8C3-4733-8F11-1649F4E2A72A}.Production|x86.Build.0 = Release|x86
		{8E9D570E-B8C3-4733-8F11-1649F4E2A72A}.Release|Mixed Platforms.ActiveCfg = Release|x86
		{8E9D570E-B8C3-4733-8F11-1649F4E2A72A}.Release|Mixed Platforms.Build.0 = Release|x86
		{8E9D570E-B8C3-4733-8F11-1649F4E2A72A}.Release|PHP 5.2.ActiveCfg = Release|x86
		{8E9D570E-B8C3-4733-8F11-1649F4E2A72A}.Release|PHP 5.3.ActiveCfg = Release|x86
		{8E9D570E-B8C3-4733-8F11-1649F4E2A72A}.Release|x86.ActiveCfg = Release|x86
		{8E9D570E-B8C3-4733-8F11-1649F4E2A72A}.Release|x86.Build.0 = Release|x86
		{8E9D570E-B8C3-4733-8F11-1649F4E2A72A}.Staging|Mixed Platforms.ActiveCfg = Release|x86
		{8E9D570E-B8C3-4733-8F11-1649F4E2A72A}.Staging|Mixed Platforms.Build.0 = Release|x86
		{8E9D570E-B8C3-4733-8F11-1649F4E2A72A}.Staging|PHP 5.2.ActiveCfg = Release|x86
		{8E9D570E-B8C3-4733-8F11-1649F4E2A72A}.Staging|PHP 5.3.ActiveCfg = Release|x86
		{8E9D570E-B8C3-4733-8F11-1649F4E2A72A}.Staging|x86.ActiveCfg = Release|x86
		{8E9D570E-B8C3-4733-8F11-1649F4E2A72A}.Staging|x86.Build.0 = Release|x86
	EndGlobalSection
	GlobalSection(SolutionProperties) = preSolution
		HideSolutionNode = FALSE
	EndGlobalSection
EndGlobal
